
Microsoft Visual Studio Solution File, Format Version 12.00
# Visual Studio 2013
VisualStudioVersion = 12.0.30723.0
MinimumVisualStudioVersion = 10.0.40219.1
Project("{2150E333-8FDC-42A3-9474-1A3956D46DE8}") = "Solution Items", "Solution Items", "{8B64A3EA-430C-43DE-8B33-764DFC815510}"
	ProjectSection(SolutionItems) = preProject
		.gitignore = .gitignore
		README.txt = README.txt
		todo.txt = todo.txt
	EndProjectSection
EndProject
Project("{2150E333-8FDC-42A3-9474-1A3956D46DE8}") = ".nuget", ".nuget", "{F532E737-3243-4B7F-AEDB-381692116E7E}"
	ProjectSection(SolutionItems) = preProject
		.nuget\NuGet.Config = .nuget\NuGet.Config
		.nuget\NuGet.exe = .nuget\NuGet.exe
		.nuget\NuGet.targets = .nuget\NuGet.targets
	EndProjectSection
EndProject
Project("{F184B08F-C81C-45F6-A57F-5ABD9991F28F}") = "RQLib", "RQQueryResult\RQLib.vbproj", "{D695EAA6-B358-4C80-82AA-A0AA15EBC5D4}"
EndProject
Project("{FAE04EC0-301F-11D3-BF4B-00C04F79EFBC}") = "RQState", "RQState\RQState.csproj", "{75722E2E-2954-4A8B-96E1-9AC650E3F5B9}"
EndProject
Project("{FAE04EC0-301F-11D3-BF4B-00C04F79EFBC}") = "RQLinkedData", "RQLinkedData\RQLinkedData.csproj", "{182ED3FC-0121-4A3F-9F79-B8C5782BB755}"
EndProject
Project("{FAE04EC0-301F-11D3-BF4B-00C04F79EFBC}") = "dotNetRDF", "dotNetRDF\Libraries\core\dotNetRDF.csproj", "{BFBAC159-1E60-4D03-8ACA-D34E31EB83BF}"
EndProject
Project("{FAE04EC0-301F-11D3-BF4B-00C04F79EFBC}") = "RQResources", "RQResources\RQResources.csproj", "{D569E168-0BC3-4C25-8D42-880879831975}"
EndProject
Project("{FAE04EC0-301F-11D3-BF4B-00C04F79EFBC}") = "RQDigitalObjects", "RQDigitalObjects\RQDigitalObjects.csproj", "{97CFD688-BBEA-47F5-90FC-718DCD1CFD71}"
EndProject
Project("{E24C65DC-7377-472B-9ABA-BC803B73C61A}") = "RQRepository", "http://localhost:55958", "{F3C41EB7-814C-406D-B7C4-B5B6FAF8A991}"
	ProjectSection(WebsiteProperties) = preProject
		UseIISExpress = "true"
		TargetFrameworkMoniker = ".NETFramework,Version%3Dv4.0"
		Debug.AspNetCompiler.VirtualPath = "/localhost_55958"
		Debug.AspNetCompiler.PhysicalPath = "RQRepository\"
		Debug.AspNetCompiler.TargetPath = "PrecompiledWeb\localhost_55958\"
		Debug.AspNetCompiler.Updateable = "true"
		Debug.AspNetCompiler.ForceOverwrite = "true"
		Debug.AspNetCompiler.FixedNames = "false"
		Debug.AspNetCompiler.Debug = "True"
		Release.AspNetCompiler.VirtualPath = "/localhost_55958"
		Release.AspNetCompiler.PhysicalPath = "RQRepository\"
		Release.AspNetCompiler.TargetPath = "PrecompiledWeb\localhost_55958\"
		Release.AspNetCompiler.Updateable = "true"
		Release.AspNetCompiler.ForceOverwrite = "true"
		Release.AspNetCompiler.FixedNames = "false"
		Release.AspNetCompiler.Debug = "False"
		SlnRelativePath = "RQRepository\"
	EndProjectSection
EndProject
Project("{FAE04EC0-301F-11D3-BF4B-00C04F79EFBC}") = "Mvc5RQ", "Mvc5RQ\Mvc5RQ.csproj", "{735A870E-E4F0-4600-988F-782ACE8C9981}"
EndProject
Project("{FAE04EC0-301F-11D3-BF4B-00C04F79EFBC}") = "Mvc5RQ.Tests", "Mvc5RQ.Tests\Mvc5RQ.Tests.csproj", "{1CA779F0-F558-4E9E-831B-A0A018E2B059}"
EndProject
Project("{FAE04EC0-301F-11D3-BF4B-00C04F79EFBC}") = "RQDesktop", "RQDesktop\RQDesktop.csproj", "{170F22C6-6766-4F1C-B2C6-CD2E372D3F8A}"
EndProject
Project("{FAE04EC0-301F-11D3-BF4B-00C04F79EFBC}") = "RQLucene", "..\..\..\Dokumente\Visual Studio 2013\Projects\RQLucene\RQLucene\RQLucene.csproj", "{A17F538E-4276-491B-9FAB-8613DDB935E7}"
EndProject
Global
	GlobalSection(SolutionConfigurationPlatforms) = preSolution
		Azure|Any CPU = Azure|Any CPU
		Azure|Mixed Platforms = Azure|Mixed Platforms
		Azure|x64 = Azure|x64
		Azure|x86 = Azure|x86
		Debug|Any CPU = Debug|Any CPU
		Debug|Mixed Platforms = Debug|Mixed Platforms
		Debug|x64 = Debug|x64
		Debug|x86 = Debug|x86
		ECS|Any CPU = ECS|Any CPU
		ECS|Mixed Platforms = ECS|Mixed Platforms
		ECS|x64 = ECS|x64
		ECS|x86 = ECS|x86
		Release|Any CPU = Release|Any CPU
		Release|Mixed Platforms = Release|Mixed Platforms
		Release|x64 = Release|x64
		Release|x86 = Release|x86
	EndGlobalSection
	GlobalSection(ProjectConfigurationPlatforms) = postSolution
		{D695EAA6-B358-4C80-82AA-A0AA15EBC5D4}.Azure|Any CPU.ActiveCfg = Azure|Any CPU
		{D695EAA6-B358-4C80-82AA-A0AA15EBC5D4}.Azure|Any CPU.Build.0 = Azure|Any CPU
		{D695EAA6-B358-4C80-82AA-A0AA15EBC5D4}.Azure|Mixed Platforms.ActiveCfg = Azure|Any CPU
		{D695EAA6-B358-4C80-82AA-A0AA15EBC5D4}.Azure|Mixed Platforms.Build.0 = Azure|Any CPU
		{D695EAA6-B358-4C80-82AA-A0AA15EBC5D4}.Azure|x64.ActiveCfg = Azure|Any CPU
		{D695EAA6-B358-4C80-82AA-A0AA15EBC5D4}.Azure|x86.ActiveCfg = Azure|Any CPU
		{D695EAA6-B358-4C80-82AA-A0AA15EBC5D4}.Debug|Any CPU.ActiveCfg = Debug|Any CPU
		{D695EAA6-B358-4C80-82AA-A0AA15EBC5D4}.Debug|Any CPU.Build.0 = Debug|Any CPU
		{D695EAA6-B358-4C80-82AA-A0AA15EBC5D4}.Debug|Mixed Platforms.ActiveCfg = Debug|Any CPU
		{D695EAA6-B358-4C80-82AA-A0AA15EBC5D4}.Debug|Mixed Platforms.Build.0 = Debug|Any CPU
		{D695EAA6-B358-4C80-82AA-A0AA15EBC5D4}.Debug|x64.ActiveCfg = Debug|Any CPU
		{D695EAA6-B358-4C80-82AA-A0AA15EBC5D4}.Debug|x86.ActiveCfg = Debug|Any CPU
		{D695EAA6-B358-4C80-82AA-A0AA15EBC5D4}.ECS|Any CPU.ActiveCfg = ECS|Any CPU
		{D695EAA6-B358-4C80-82AA-A0AA15EBC5D4}.ECS|Any CPU.Build.0 = ECS|Any CPU
		{D695EAA6-B358-4C80-82AA-A0AA15EBC5D4}.ECS|Mixed Platforms.ActiveCfg = ECS|Any CPU
		{D695EAA6-B358-4C80-82AA-A0AA15EBC5D4}.ECS|Mixed Platforms.Build.0 = ECS|Any CPU
		{D695EAA6-B358-4C80-82AA-A0AA15EBC5D4}.ECS|x64.ActiveCfg = ECS|Any CPU
		{D695EAA6-B358-4C80-82AA-A0AA15EBC5D4}.ECS|x86.ActiveCfg = ECS|Any CPU
		{D695EAA6-B358-4C80-82AA-A0AA15EBC5D4}.Release|Any CPU.ActiveCfg = Release|Any CPU
		{D695EAA6-B358-4C80-82AA-A0AA15EBC5D4}.Release|Any CPU.Build.0 = Release|Any CPU
		{D695EAA6-B358-4C80-82AA-A0AA15EBC5D4}.Release|Mixed Platforms.ActiveCfg = Release|Any CPU
		{D695EAA6-B358-4C80-82AA-A0AA15EBC5D4}.Release|x64.ActiveCfg = Release|Any CPU
		{D695EAA6-B358-4C80-82AA-A0AA15EBC5D4}.Release|x86.ActiveCfg = Release|Any CPU
		{75722E2E-2954-4A8B-96E1-9AC650E3F5B9}.Azure|Any CPU.ActiveCfg = Azure|Any CPU
		{75722E2E-2954-4A8B-96E1-9AC650E3F5B9}.Azure|Any CPU.Build.0 = Azure|Any CPU
		{75722E2E-2954-4A8B-96E1-9AC650E3F5B9}.Azure|Mixed Platforms.ActiveCfg = Azure|Any CPU
		{75722E2E-2954-4A8B-96E1-9AC650E3F5B9}.Azure|Mixed Platforms.Build.0 = Azure|Any CPU
		{75722E2E-2954-4A8B-96E1-9AC650E3F5B9}.Azure|x64.ActiveCfg = Azure|Any CPU
		{75722E2E-2954-4A8B-96E1-9AC650E3F5B9}.Azure|x86.ActiveCfg = Azure|Any CPU
		{75722E2E-2954-4A8B-96E1-9AC650E3F5B9}.Debug|Any CPU.ActiveCfg = Debug|Any CPU
		{75722E2E-2954-4A8B-96E1-9AC650E3F5B9}.Debug|Any CPU.Build.0 = Debug|Any CPU
		{75722E2E-2954-4A8B-96E1-9AC650E3F5B9}.Debug|Mixed Platforms.ActiveCfg = Debug|Any CPU
		{75722E2E-2954-4A8B-96E1-9AC650E3F5B9}.Debug|Mixed Platforms.Build.0 = Debug|Any CPU
		{75722E2E-2954-4A8B-96E1-9AC650E3F5B9}.Debug|x64.ActiveCfg = Debug|Any CPU
		{75722E2E-2954-4A8B-96E1-9AC650E3F5B9}.Debug|x86.ActiveCfg = Debug|Any CPU
		{75722E2E-2954-4A8B-96E1-9AC650E3F5B9}.ECS|Any CPU.ActiveCfg = ECS|Any CPU
		{75722E2E-2954-4A8B-96E1-9AC650E3F5B9}.ECS|Any CPU.Build.0 = ECS|Any CPU
		{75722E2E-2954-4A8B-96E1-9AC650E3F5B9}.ECS|Mixed Platforms.ActiveCfg = ECS|Any CPU
		{75722E2E-2954-4A8B-96E1-9AC650E3F5B9}.ECS|Mixed Platforms.Build.0 = ECS|Any CPU
		{75722E2E-2954-4A8B-96E1-9AC650E3F5B9}.ECS|x64.ActiveCfg = ECS|Any CPU
		{75722E2E-2954-4A8B-96E1-9AC650E3F5B9}.ECS|x86.ActiveCfg = ECS|Any CPU
		{75722E2E-2954-4A8B-96E1-9AC650E3F5B9}.Release|Any CPU.ActiveCfg = Release|Any CPU
		{75722E2E-2954-4A8B-96E1-9AC650E3F5B9}.Release|Any CPU.Build.0 = Release|Any CPU
		{75722E2E-2954-4A8B-96E1-9AC650E3F5B9}.Release|Mixed Platforms.ActiveCfg = Release|Any CPU
		{75722E2E-2954-4A8B-96E1-9AC650E3F5B9}.Release|x64.ActiveCfg = Release|Any CPU
		{75722E2E-2954-4A8B-96E1-9AC650E3F5B9}.Release|x86.ActiveCfg = Release|Any CPU
		{182ED3FC-0121-4A3F-9F79-B8C5782BB755}.Azure|Any CPU.ActiveCfg = Azure|Any CPU
		{182ED3FC-0121-4A3F-9F79-B8C5782BB755}.Azure|Any CPU.Build.0 = Azure|Any CPU
		{182ED3FC-0121-4A3F-9F79-B8C5782BB755}.Azure|Mixed Platforms.ActiveCfg = Azure|Any CPU
		{182ED3FC-0121-4A3F-9F79-B8C5782BB755}.Azure|Mixed Platforms.Build.0 = Azure|Any CPU
		{182ED3FC-0121-4A3F-9F79-B8C5782BB755}.Azure|x64.ActiveCfg = Azure|Any CPU
		{182ED3FC-0121-4A3F-9F79-B8C5782BB755}.Azure|x86.ActiveCfg = Azure|Any CPU
		{182ED3FC-0121-4A3F-9F79-B8C5782BB755}.Debug|Any CPU.ActiveCfg = Debug|Any CPU
		{182ED3FC-0121-4A3F-9F79-B8C5782BB755}.Debug|Any CPU.Build.0 = Debug|Any CPU
		{182ED3FC-0121-4A3F-9F79-B8C5782BB755}.Debug|Mixed Platforms.ActiveCfg = Debug|Any CPU
		{182ED3FC-0121-4A3F-9F79-B8C5782BB755}.Debug|Mixed Platforms.Build.0 = Debug|Any CPU
		{182ED3FC-0121-4A3F-9F79-B8C5782BB755}.Debug|x64.ActiveCfg = Debug|Any CPU
		{182ED3FC-0121-4A3F-9F79-B8C5782BB755}.Debug|x86.ActiveCfg = Debug|Any CPU
		{182ED3FC-0121-4A3F-9F79-B8C5782BB755}.ECS|Any CPU.ActiveCfg = ECS|Any CPU
		{182ED3FC-0121-4A3F-9F79-B8C5782BB755}.ECS|Any CPU.Build.0 = ECS|Any CPU
		{182ED3FC-0121-4A3F-9F79-B8C5782BB755}.ECS|Mixed Platforms.ActiveCfg = ECS|Any CPU
		{182ED3FC-0121-4A3F-9F79-B8C5782BB755}.ECS|Mixed Platforms.Build.0 = ECS|Any CPU
		{182ED3FC-0121-4A3F-9F79-B8C5782BB755}.ECS|x64.ActiveCfg = ECS|Any CPU
		{182ED3FC-0121-4A3F-9F79-B8C5782BB755}.ECS|x86.ActiveCfg = ECS|Any CPU
		{182ED3FC-0121-4A3F-9F79-B8C5782BB755}.Release|Any CPU.ActiveCfg = Release|Any CPU
		{182ED3FC-0121-4A3F-9F79-B8C5782BB755}.Release|Any CPU.Build.0 = Release|Any CPU
		{182ED3FC-0121-4A3F-9F79-B8C5782BB755}.Release|Mixed Platforms.ActiveCfg = Release|Any CPU
		{182ED3FC-0121-4A3F-9F79-B8C5782BB755}.Release|x64.ActiveCfg = Release|Any CPU
		{182ED3FC-0121-4A3F-9F79-B8C5782BB755}.Release|x86.ActiveCfg = Release|Any CPU
		{BFBAC159-1E60-4D03-8ACA-D34E31EB83BF}.Azure|Any CPU.ActiveCfg = Azure|Any CPU
		{BFBAC159-1E60-4D03-8ACA-D34E31EB83BF}.Azure|Any CPU.Build.0 = Azure|Any CPU
		{BFBAC159-1E60-4D03-8ACA-D34E31EB83BF}.Azure|Mixed Platforms.ActiveCfg = Azure|Any CPU
		{BFBAC159-1E60-4D03-8ACA-D34E31EB83BF}.Azure|Mixed Platforms.Build.0 = Azure|Any CPU
		{BFBAC159-1E60-4D03-8ACA-D34E31EB83BF}.Azure|x64.ActiveCfg = Azure|Any CPU
		{BFBAC159-1E60-4D03-8ACA-D34E31EB83BF}.Azure|x86.ActiveCfg = Azure|Any CPU
		{BFBAC159-1E60-4D03-8ACA-D34E31EB83BF}.Debug|Any CPU.ActiveCfg = Debug|Any CPU
		{BFBAC159-1E60-4D03-8ACA-D34E31EB83BF}.Debug|Any CPU.Build.0 = Debug|Any CPU
		{BFBAC159-1E60-4D03-8ACA-D34E31EB83BF}.Debug|Mixed Platforms.ActiveCfg = Debug|Any CPU
		{BFBAC159-1E60-4D03-8ACA-D34E31EB83BF}.Debug|Mixed Platforms.Build.0 = Debug|Any CPU
		{BFBAC159-1E60-4D03-8ACA-D34E31EB83BF}.Debug|x64.ActiveCfg = Debug|Any CPU
		{BFBAC159-1E60-4D03-8ACA-D34E31EB83BF}.Debug|x86.ActiveCfg = Debug|Any CPU
		{BFBAC159-1E60-4D03-8ACA-D34E31EB83BF}.ECS|Any CPU.ActiveCfg = ECS|Any CPU
		{BFBAC159-1E60-4D03-8ACA-D34E31EB83BF}.ECS|Any CPU.Build.0 = ECS|Any CPU
		{BFBAC159-1E60-4D03-8ACA-D34E31EB83BF}.ECS|Mixed Platforms.ActiveCfg = ECS|Any CPU
		{BFBAC159-1E60-4D03-8ACA-D34E31EB83BF}.ECS|Mixed Platforms.Build.0 = ECS|Any CPU
		{BFBAC159-1E60-4D03-8ACA-D34E31EB83BF}.ECS|x64.ActiveCfg = ECS|Any CPU
		{BFBAC159-1E60-4D03-8ACA-D34E31EB83BF}.ECS|x86.ActiveCfg = ECS|Any CPU
		{BFBAC159-1E60-4D03-8ACA-D34E31EB83BF}.Release|Any CPU.ActiveCfg = Release|Any CPU
		{BFBAC159-1E60-4D03-8ACA-D34E31EB83BF}.Release|Any CPU.Build.0 = Release|Any CPU
		{BFBAC159-1E60-4D03-8ACA-D34E31EB83BF}.Release|Mixed Platforms.ActiveCfg = Release|Any CPU
		{BFBAC159-1E60-4D03-8ACA-D34E31EB83BF}.Release|Mixed Platforms.Build.0 = Release|Any CPU
		{BFBAC159-1E60-4D03-8ACA-D34E31EB83BF}.Release|x64.ActiveCfg = Release|Any CPU
		{BFBAC159-1E60-4D03-8ACA-D34E31EB83BF}.Release|x86.ActiveCfg = Release|Any CPU
		{D569E168-0BC3-4C25-8D42-880879831975}.Azure|Any CPU.ActiveCfg = Azure|Any CPU
		{D569E168-0BC3-4C25-8D42-880879831975}.Azure|Any CPU.Build.0 = Azure|Any CPU
		{D569E168-0BC3-4C25-8D42-880879831975}.Azure|Mixed Platforms.ActiveCfg = Azure|Any CPU
		{D569E168-0BC3-4C25-8D42-880879831975}.Azure|Mixed Platforms.Build.0 = Azure|Any CPU
		{D569E168-0BC3-4C25-8D42-880879831975}.Azure|x64.ActiveCfg = Azure|Any CPU
		{D569E168-0BC3-4C25-8D42-880879831975}.Azure|x86.ActiveCfg = Azure|Any CPU
		{D569E168-0BC3-4C25-8D42-880879831975}.Debug|Any CPU.ActiveCfg = Debug|Any CPU
		{D569E168-0BC3-4C25-8D42-880879831975}.Debug|Any CPU.Build.0 = Debug|Any CPU
		{D569E168-0BC3-4C25-8D42-880879831975}.Debug|Mixed Platforms.ActiveCfg = Debug|Any CPU
		{D569E168-0BC3-4C25-8D42-880879831975}.Debug|Mixed Platforms.Build.0 = Debug|Any CPU
		{D569E168-0BC3-4C25-8D42-880879831975}.Debug|x64.ActiveCfg = Debug|Any CPU
		{D569E168-0BC3-4C25-8D42-880879831975}.Debug|x86.ActiveCfg = Debug|Any CPU
		{D569E168-0BC3-4C25-8D42-880879831975}.ECS|Any CPU.ActiveCfg = ECS|Any CPU
		{D569E168-0BC3-4C25-8D42-880879831975}.ECS|Any CPU.Build.0 = ECS|Any CPU
		{D569E168-0BC3-4C25-8D42-880879831975}.ECS|Mixed Platforms.ActiveCfg = ECS|Any CPU
		{D569E168-0BC3-4C25-8D42-880879831975}.ECS|Mixed Platforms.Build.0 = ECS|Any CPU
		{D569E168-0BC3-4C25-8D42-880879831975}.ECS|x64.ActiveCfg = ECS|Any CPU
		{D569E168-0BC3-4C25-8D42-880879831975}.ECS|x86.ActiveCfg = ECS|Any CPU
		{D569E168-0BC3-4C25-8D42-880879831975}.Release|Any CPU.ActiveCfg = Release|Any CPU
		{D569E168-0BC3-4C25-8D42-880879831975}.Release|Any CPU.Build.0 = Release|Any CPU
		{D569E168-0BC3-4C25-8D42-880879831975}.Release|Mixed Platforms.ActiveCfg = Release|Any CPU
		{D569E168-0BC3-4C25-8D42-880879831975}.Release|Mixed Platforms.Build.0 = Release|Any CPU
		{D569E168-0BC3-4C25-8D42-880879831975}.Release|x64.ActiveCfg = Release|Any CPU
		{D569E168-0BC3-4C25-8D42-880879831975}.Release|x86.ActiveCfg = Release|Any CPU
		{97CFD688-BBEA-47F5-90FC-718DCD1CFD71}.Azure|Any CPU.ActiveCfg = Azure|Any CPU
		{97CFD688-BBEA-47F5-90FC-718DCD1CFD71}.Azure|Any CPU.Build.0 = Azure|Any CPU
		{97CFD688-BBEA-47F5-90FC-718DCD1CFD71}.Azure|Mixed Platforms.ActiveCfg = Azure|Any CPU
		{97CFD688-BBEA-47F5-90FC-718DCD1CFD71}.Azure|Mixed Platforms.Build.0 = Azure|Any CPU
		{97CFD688-BBEA-47F5-90FC-718DCD1CFD71}.Azure|x64.ActiveCfg = Azure|Any CPU
		{97CFD688-BBEA-47F5-90FC-718DCD1CFD71}.Azure|x86.ActiveCfg = Azure|Any CPU
		{97CFD688-BBEA-47F5-90FC-718DCD1CFD71}.Debug|Any CPU.ActiveCfg = Debug|Any CPU
		{97CFD688-BBEA-47F5-90FC-718DCD1CFD71}.Debug|Any CPU.Build.0 = Debug|Any CPU
		{97CFD688-BBEA-47F5-90FC-718DCD1CFD71}.Debug|Mixed Platforms.ActiveCfg = Debug|Any CPU
		{97CFD688-BBEA-47F5-90FC-718DCD1CFD71}.Debug|Mixed Platforms.Build.0 = Debug|Any CPU
		{97CFD688-BBEA-47F5-90FC-718DCD1CFD71}.Debug|x64.ActiveCfg = Debug|Any CPU
		{97CFD688-BBEA-47F5-90FC-718DCD1CFD71}.Debug|x86.ActiveCfg = Debug|Any CPU
		{97CFD688-BBEA-47F5-90FC-718DCD1CFD71}.ECS|Any CPU.ActiveCfg = ECS|Any CPU
		{97CFD688-BBEA-47F5-90FC-718DCD1CFD71}.ECS|Any CPU.Build.0 = ECS|Any CPU
		{97CFD688-BBEA-47F5-90FC-718DCD1CFD71}.ECS|Mixed Platforms.ActiveCfg = ECS|Any CPU
		{97CFD688-BBEA-47F5-90FC-718DCD1CFD71}.ECS|Mixed Platforms.Build.0 = ECS|Any CPU
		{97CFD688-BBEA-47F5-90FC-718DCD1CFD71}.ECS|x64.ActiveCfg = ECS|Any CPU
		{97CFD688-BBEA-47F5-90FC-718DCD1CFD71}.ECS|x86.ActiveCfg = ECS|Any CPU
		{97CFD688-BBEA-47F5-90FC-718DCD1CFD71}.Release|Any CPU.ActiveCfg = Release|Any CPU
		{97CFD688-BBEA-47F5-90FC-718DCD1CFD71}.Release|Any CPU.Build.0 = Release|Any CPU
		{97CFD688-BBEA-47F5-90FC-718DCD1CFD71}.Release|Mixed Platforms.ActiveCfg = Release|Any CPU
		{97CFD688-BBEA-47F5-90FC-718DCD1CFD71}.Release|Mixed Platforms.Build.0 = Release|Any CPU
		{97CFD688-BBEA-47F5-90FC-718DCD1CFD71}.Release|x64.ActiveCfg = Release|Any CPU
		{97CFD688-BBEA-47F5-90FC-718DCD1CFD71}.Release|x86.ActiveCfg = Release|Any CPU
		{F3C41EB7-814C-406D-B7C4-B5B6FAF8A991}.Azure|Any CPU.ActiveCfg = Debug|Any CPU
		{F3C41EB7-814C-406D-B7C4-B5B6FAF8A991}.Azure|Any CPU.Build.0 = Debug|Any CPU
		{F3C41EB7-814C-406D-B7C4-B5B6FAF8A991}.Azure|Mixed Platforms.ActiveCfg = Debug|Any CPU
		{F3C41EB7-814C-406D-B7C4-B5B6FAF8A991}.Azure|Mixed Platforms.Build.0 = Debug|Any CPU
		{F3C41EB7-814C-406D-B7C4-B5B6FAF8A991}.Azure|x64.ActiveCfg = Debug|Any CPU
		{F3C41EB7-814C-406D-B7C4-B5B6FAF8A991}.Azure|x86.ActiveCfg = Debug|Any CPU
		{F3C41EB7-814C-406D-B7C4-B5B6FAF8A991}.Debug|Any CPU.ActiveCfg = Debug|Any CPU
		{F3C41EB7-814C-406D-B7C4-B5B6FAF8A991}.Debug|Any CPU.Build.0 = Debug|Any CPU
		{F3C41EB7-814C-406D-B7C4-B5B6FAF8A991}.Debug|Mixed Platforms.ActiveCfg = Debug|Any CPU
		{F3C41EB7-814C-406D-B7C4-B5B6FAF8A991}.Debug|Mixed Platforms.Build.0 = Debug|Any CPU
		{F3C41EB7-814C-406D-B7C4-B5B6FAF8A991}.Debug|x64.ActiveCfg = Debug|Any CPU
		{F3C41EB7-814C-406D-B7C4-B5B6FAF8A991}.Debug|x86.ActiveCfg = Debug|Any CPU
		{F3C41EB7-814C-406D-B7C4-B5B6FAF8A991}.ECS|Any CPU.ActiveCfg = Debug|Any CPU
		{F3C41EB7-814C-406D-B7C4-B5B6FAF8A991}.ECS|Any CPU.Build.0 = Debug|Any CPU
		{F3C41EB7-814C-406D-B7C4-B5B6FAF8A991}.ECS|Mixed Platforms.ActiveCfg = Debug|Any CPU
		{F3C41EB7-814C-406D-B7C4-B5B6FAF8A991}.ECS|Mixed Platforms.Build.0 = Debug|Any CPU
		{F3C41EB7-814C-406D-B7C4-B5B6FAF8A991}.ECS|x64.ActiveCfg = Debug|Any CPU
		{F3C41EB7-814C-406D-B7C4-B5B6FAF8A991}.ECS|x86.ActiveCfg = Debug|Any CPU
		{F3C41EB7-814C-406D-B7C4-B5B6FAF8A991}.Release|Any CPU.ActiveCfg = Debug|Any CPU
		{F3C41EB7-814C-406D-B7C4-B5B6FAF8A991}.Release|Any CPU.Build.0 = Debug|Any CPU
		{F3C41EB7-814C-406D-B7C4-B5B6FAF8A991}.Release|Mixed Platforms.ActiveCfg = Debug|Any CPU
		{F3C41EB7-814C-406D-B7C4-B5B6FAF8A991}.Release|Mixed Platforms.Build.0 = Debug|Any CPU
		{F3C41EB7-814C-406D-B7C4-B5B6FAF8A991}.Release|x64.ActiveCfg = Debug|Any CPU
		{F3C41EB7-814C-406D-B7C4-B5B6FAF8A991}.Release|x86.ActiveCfg = Debug|Any CPU
		{735A870E-E4F0-4600-988F-782ACE8C9981}.Azure|Any CPU.ActiveCfg = Azure|Any CPU
		{735A870E-E4F0-4600-988F-782ACE8C9981}.Azure|Any CPU.Build.0 = Azure|Any CPU
		{735A870E-E4F0-4600-988F-782ACE8C9981}.Azure|Mixed Platforms.ActiveCfg = Azure|Any CPU
		{735A870E-E4F0-4600-988F-782ACE8C9981}.Azure|Mixed Platforms.Build.0 = Azure|Any CPU
		{735A870E-E4F0-4600-988F-782ACE8C9981}.Azure|x64.ActiveCfg = Azure|Any CPU
		{735A870E-E4F0-4600-988F-782ACE8C9981}.Azure|x86.ActiveCfg = Azure|Any CPU
		{735A870E-E4F0-4600-988F-782ACE8C9981}.Debug|Any CPU.ActiveCfg = Debug|Any CPU
		{735A870E-E4F0-4600-988F-782ACE8C9981}.Debug|Any CPU.Build.0 = Debug|Any CPU
		{735A870E-E4F0-4600-988F-782ACE8C9981}.Debug|Mixed Platforms.ActiveCfg = Debug|Any CPU
		{735A870E-E4F0-4600-988F-782ACE8C9981}.Debug|Mixed Platforms.Build.0 = Debug|Any CPU
		{735A870E-E4F0-4600-988F-782ACE8C9981}.Debug|x64.ActiveCfg = Debug|Any CPU
		{735A870E-E4F0-4600-988F-782ACE8C9981}.Debug|x86.ActiveCfg = Debug|Any CPU
		{735A870E-E4F0-4600-988F-782ACE8C9981}.ECS|Any CPU.ActiveCfg = ECS|Any CPU
		{735A870E-E4F0-4600-988F-782ACE8C9981}.ECS|Any CPU.Build.0 = ECS|Any CPU
		{735A870E-E4F0-4600-988F-782ACE8C9981}.ECS|Mixed Platforms.ActiveCfg = ECS|Any CPU
		{735A870E-E4F0-4600-988F-782ACE8C9981}.ECS|Mixed Platforms.Build.0 = ECS|Any CPU
		{735A870E-E4F0-4600-988F-782ACE8C9981}.ECS|x64.ActiveCfg = ECS|Any CPU
		{735A870E-E4F0-4600-988F-782ACE8C9981}.ECS|x86.ActiveCfg = ECS|Any CPU
		{735A870E-E4F0-4600-988F-782ACE8C9981}.Release|Any CPU.ActiveCfg = Release|Any CPU
		{735A870E-E4F0-4600-988F-782ACE8C9981}.Release|Any CPU.Build.0 = Release|Any CPU
		{735A870E-E4F0-4600-988F-782ACE8C9981}.Release|Mixed Platforms.ActiveCfg = Release|Any CPU
		{735A870E-E4F0-4600-988F-782ACE8C9981}.Release|Mixed Platforms.Build.0 = Release|Any CPU
		{735A870E-E4F0-4600-988F-782ACE8C9981}.Release|x64.ActiveCfg = Release|Any CPU
		{735A870E-E4F0-4600-988F-782ACE8C9981}.Release|x86.ActiveCfg = Release|Any CPU
		{1CA779F0-F558-4E9E-831B-A0A018E2B059}.Azure|Any CPU.ActiveCfg = Azure|Any CPU
		{1CA779F0-F558-4E9E-831B-A0A018E2B059}.Azure|Any CPU.Build.0 = Azure|Any CPU
		{1CA779F0-F558-4E9E-831B-A0A018E2B059}.Azure|Mixed Platforms.ActiveCfg = Azure|Any CPU
		{1CA779F0-F558-4E9E-831B-A0A018E2B059}.Azure|Mixed Platforms.Build.0 = Azure|Any CPU
		{1CA779F0-F558-4E9E-831B-A0A018E2B059}.Azure|x64.ActiveCfg = Azure|Any CPU
		{1CA779F0-F558-4E9E-831B-A0A018E2B059}.Azure|x86.ActiveCfg = Azure|Any CPU
		{1CA779F0-F558-4E9E-831B-A0A018E2B059}.Debug|Any CPU.ActiveCfg = Debug|Any CPU
		{1CA779F0-F558-4E9E-831B-A0A018E2B059}.Debug|Any CPU.Build.0 = Debug|Any CPU
		{1CA779F0-F558-4E9E-831B-A0A018E2B059}.Debug|Mixed Platforms.ActiveCfg = Debug|Any CPU
		{1CA779F0-F558-4E9E-831B-A0A018E2B059}.Debug|Mixed Platforms.Build.0 = Debug|Any CPU
		{1CA779F0-F558-4E9E-831B-A0A018E2B059}.Debug|x64.ActiveCfg = Debug|Any CPU
		{1CA779F0-F558-4E9E-831B-A0A018E2B059}.Debug|x86.ActiveCfg = Debug|Any CPU
		{1CA779F0-F558-4E9E-831B-A0A018E2B059}.ECS|Any CPU.ActiveCfg = ECS|Any CPU
		{1CA779F0-F558-4E9E-831B-A0A018E2B059}.ECS|Any CPU.Build.0 = ECS|Any CPU
		{1CA779F0-F558-4E9E-831B-A0A018E2B059}.ECS|Mixed Platforms.ActiveCfg = ECS|Any CPU
		{1CA779F0-F558-4E9E-831B-A0A018E2B059}.ECS|Mixed Platforms.Build.0 = ECS|Any CPU
		{1CA779F0-F558-4E9E-831B-A0A018E2B059}.ECS|x64.ActiveCfg = ECS|Any CPU
		{1CA779F0-F558-4E9E-831B-A0A018E2B059}.ECS|x86.ActiveCfg = ECS|Any CPU
		{1CA779F0-F558-4E9E-831B-A0A018E2B059}.Release|Any CPU.ActiveCfg = Release|Any CPU
		{1CA779F0-F558-4E9E-831B-A0A018E2B059}.Release|Any CPU.Build.0 = Release|Any CPU
		{1CA779F0-F558-4E9E-831B-A0A018E2B059}.Release|Mixed Platforms.ActiveCfg = Release|Any CPU
		{1CA779F0-F558-4E9E-831B-A0A018E2B059}.Release|Mixed Platforms.Build.0 = Release|Any CPU
		{1CA779F0-F558-4E9E-831B-A0A018E2B059}.Release|x64.ActiveCfg = Release|Any CPU
		{1CA779F0-F558-4E9E-831B-A0A018E2B059}.Release|x86.ActiveCfg = Release|Any CPU
		{170F22C6-6766-4F1C-B2C6-CD2E372D3F8A}.Azure|Any CPU.ActiveCfg = Azure|Any CPU
		{170F22C6-6766-4F1C-B2C6-CD2E372D3F8A}.Azure|Any CPU.Build.0 = Azure|Any CPU
		{170F22C6-6766-4F1C-B2C6-CD2E372D3F8A}.Azure|Mixed Platforms.ActiveCfg = Azure|Any CPU
		{170F22C6-6766-4F1C-B2C6-CD2E372D3F8A}.Azure|Mixed Platforms.Build.0 = Azure|Any CPU
		{170F22C6-6766-4F1C-B2C6-CD2E372D3F8A}.Azure|x64.ActiveCfg = Azure|Any CPU
		{170F22C6-6766-4F1C-B2C6-CD2E372D3F8A}.Azure|x86.ActiveCfg = Azure|Any CPU
		{170F22C6-6766-4F1C-B2C6-CD2E372D3F8A}.Debug|Any CPU.ActiveCfg = Debug|Any CPU
		{170F22C6-6766-4F1C-B2C6-CD2E372D3F8A}.Debug|Any CPU.Build.0 = Debug|Any CPU
		{170F22C6-6766-4F1C-B2C6-CD2E372D3F8A}.Debug|Mixed Platforms.ActiveCfg = Debug|Any CPU
		{170F22C6-6766-4F1C-B2C6-CD2E372D3F8A}.Debug|Mixed Platforms.Build.0 = Debug|Any CPU
		{170F22C6-6766-4F1C-B2C6-CD2E372D3F8A}.Debug|x64.ActiveCfg = Debug|Any CPU
		{170F22C6-6766-4F1C-B2C6-CD2E372D3F8A}.Debug|x86.ActiveCfg = Debug|Any CPU
		{170F22C6-6766-4F1C-B2C6-CD2E372D3F8A}.ECS|Any CPU.ActiveCfg = ECS|Any CPU
		{170F22C6-6766-4F1C-B2C6-CD2E372D3F8A}.ECS|Any CPU.Build.0 = ECS|Any CPU
		{170F22C6-6766-4F1C-B2C6-CD2E372D3F8A}.ECS|Mixed Platforms.ActiveCfg = ECS|Any CPU
		{170F22C6-6766-4F1C-B2C6-CD2E372D3F8A}.ECS|Mixed Platforms.Build.0 = ECS|Any CPU
		{170F22C6-6766-4F1C-B2C6-CD2E372D3F8A}.ECS|x64.ActiveCfg = ECS|Any CPU
		{170F22C6-6766-4F1C-B2C6-CD2E372D3F8A}.ECS|x86.ActiveCfg = ECS|Any CPU
		{170F22C6-6766-4F1C-B2C6-CD2E372D3F8A}.Release|Any CPU.ActiveCfg = Release|Any CPU
		{170F22C6-6766-4F1C-B2C6-CD2E372D3F8A}.Release|Any CPU.Build.0 = Release|Any CPU
		{170F22C6-6766-4F1C-B2C6-CD2E372D3F8A}.Release|Mixed Platforms.ActiveCfg = Release|Any CPU
		{170F22C6-6766-4F1C-B2C6-CD2E372D3F8A}.Release|Mixed Platforms.Build.0 = Release|Any CPU
		{170F22C6-6766-4F1C-B2C6-CD2E372D3F8A}.Release|x64.ActiveCfg = Release|Any CPU
		{170F22C6-6766-4F1C-B2C6-CD2E372D3F8A}.Release|x86.ActiveCfg = Release|Any CPU
		{A17F538E-4276-491B-9FAB-8613DDB935E7}.Azure|Any CPU.ActiveCfg = Release|Any CPU
		{A17F538E-4276-491B-9FAB-8613DDB935E7}.Azure|Any CPU.Build.0 = Release|Any CPU
		{A17F538E-4276-491B-9FAB-8613DDB935E7}.Azure|Mixed Platforms.ActiveCfg = Release|Any CPU
		{A17F538E-4276-491B-9FAB-8613DDB935E7}.Azure|Mixed Platforms.Build.0 = Release|Any CPU
		{A17F538E-4276-491B-9FAB-8613DDB935E7}.Azure|x64.ActiveCfg = Release|Any CPU
		{A17F538E-4276-491B-9FAB-8613DDB935E7}.Azure|x86.ActiveCfg = Release|Any CPU
		{A17F538E-4276-491B-9FAB-8613DDB935E7}.Debug|Any CPU.ActiveCfg = Debug|Any CPU
		{A17F538E-4276-491B-9FAB-8613DDB935E7}.Debug|Any CPU.Build.0 = Debug|Any CPU
		{A17F538E-4276-491B-9FAB-8613DDB935E7}.Debug|Mixed Platforms.ActiveCfg = Debug|Any CPU
		{A17F538E-4276-491B-9FAB-8613DDB935E7}.Debug|Mixed Platforms.Build.0 = Debug|Any CPU
		{A17F538E-4276-491B-9FAB-8613DDB935E7}.Debug|x64.ActiveCfg = Debug|Any CPU
		{A17F538E-4276-491B-9FAB-8613DDB935E7}.Debug|x86.ActiveCfg = Debug|Any CPU
		{A17F538E-4276-491B-9FAB-8613DDB935E7}.ECS|Any CPU.ActiveCfg = Release|Any CPU
		{A17F538E-4276-491B-9FAB-8613DDB935E7}.ECS|Any CPU.Build.0 = Release|Any CPU
		{A17F538E-4276-491B-9FAB-8613DDB935E7}.ECS|Mixed Platforms.ActiveCfg = Release|Any CPU
		{A17F538E-4276-491B-9FAB-8613DDB935E7}.ECS|Mixed Platforms.Build.0 = Release|Any CPU
		{A17F538E-4276-491B-9FAB-8613DDB935E7}.ECS|x64.ActiveCfg = Release|Any CPU
		{A17F538E-4276-491B-9FAB-8613DDB935E7}.ECS|x86.ActiveCfg = Release|Any CPU
		{A17F538E-4276-491B-9FAB-8613DDB935E7}.Release|Any CPU.ActiveCfg = Release|Any CPU
		{A17F538E-4276-491B-9FAB-8613DDB935E7}.Release|Any CPU.Build.0 = Release|Any CPU
		{A17F538E-4276-491B-9FAB-8613DDB935E7}.Release|Mixed Platforms.ActiveCfg = Release|Any CPU
		{A17F538E-4276-491B-9FAB-8613DDB935E7}.Release|Mixed Platforms.Build.0 = Release|Any CPU
		{A17F538E-4276-491B-9FAB-8613DDB935E7}.Release|x64.ActiveCfg = Release|Any CPU
		{A17F538E-4276-491B-9FAB-8613DDB935E7}.Release|x86.ActiveCfg = Release|Any CPU
	EndGlobalSection
	GlobalSection(SolutionProperties) = preSolution
		HideSolutionNode = FALSE
	EndGlobalSection
	GlobalSection(TestCaseManagementSettings) = postSolution
		CategoryFile = dotNetRDF.vsmdi
	EndGlobalSection
EndGlobal
