
Microsoft Visual Studio Solution File, Format Version 12.00
# Visual Studio 2012
Project("{2150E333-8FDC-42A3-9474-1A3956D46DE8}") = "Solution Items", "Solution Items", "{8B64A3EA-430C-43DE-8B33-764DFC815510}"
	ProjectSection(SolutionItems) = preProject
		.gitignore = .gitignore
		README.txt = README.txt
	EndProjectSection
EndProject
Project("{FAE04EC0-301F-11D3-BF4B-00C04F79EFBC}") = "MvcRQ", "MvcRQ\MvcRQ.csproj", "{38E21C0E-05D3-4BF1-8890-3DBA7AAF69C8}"
EndProject
Project("{FAE04EC0-301F-11D3-BF4B-00C04F79EFBC}") = "MvcRQ.Tests", "MvcRQ.Tests\MvcRQ.Tests.csproj", "{748B295B-67E7-4FC7-93FD-6C9897E85017}"
EndProject
Project("{FAE04EC0-301F-11D3-BF4B-00C04F79EFBC}") = "MvpRestApiLib", "MvpRestApiLib\MvpRestApiLib.csproj", "{FB23CC9C-805D-45CD-A7CB-401CC8B1911D}"
EndProject
Project("{F184B08F-C81C-45F6-A57F-5ABD9991F28F}") = "RQLib", "RQQueryResult\RQLib.vbproj", "{D695EAA6-B358-4C80-82AA-A0AA15EBC5D4}"
EndProject
Project("{FAE04EC0-301F-11D3-BF4B-00C04F79EFBC}") = "RQState", "RQState\RQState.csproj", "{75722E2E-2954-4A8B-96E1-9AC650E3F5B9}"
EndProject
Project("{FAE04EC0-301F-11D3-BF4B-00C04F79EFBC}") = "RQLinkedData", "RQLinkedData\RQLinkedData.csproj", "{182ED3FC-0121-4A3F-9F79-B8C5782BB755}"
EndProject
Project("{FAE04EC0-301F-11D3-BF4B-00C04F79EFBC}") = "dotNetRDF", "dotNetRDF\Libraries\core\dotNetRDF.csproj", "{BFBAC159-1E60-4D03-8ACA-D34E31EB83BF}"
EndProject
Project("{FAE04EC0-301F-11D3-BF4B-00C04F79EFBC}") = "RQResources", "RQResources\RQResources.csproj", "{D569E168-0BC3-4C25-8D42-880879831975}"
EndProject
Project("{FAE04EC0-301F-11D3-BF4B-00C04F79EFBC}") = "RQDigitalObjects", "RQDigitalObjects\RQDigitalObjects.csproj", "{97CFD688-BBEA-47F5-90FC-718DCD1CFD71}"
EndProject
Project("{2150E333-8FDC-42A3-9474-1A3956D46DE8}") = ".nuget", ".nuget", "{F532E737-3243-4B7F-AEDB-381692116E7E}"
	ProjectSection(SolutionItems) = preProject
		.nuget\NuGet.Config = .nuget\NuGet.Config
		.nuget\NuGet.exe = .nuget\NuGet.exe
		.nuget\NuGet.targets = .nuget\NuGet.targets
	EndProjectSection
EndProject
Global
	GlobalSection(TestCaseManagementSettings) = postSolution
		CategoryFile = dotNetRDF.vsmdi
	EndGlobalSection
	GlobalSection(SolutionConfigurationPlatforms) = preSolution
		Debug (JBCOMPUTER)|Any CPU = Debug (JBCOMPUTER)|Any CPU
		Debug (JBCOMPUTER)|Mixed Platforms = Debug (JBCOMPUTER)|Mixed Platforms
		Debug (JBCOMPUTER)|x64 = Debug (JBCOMPUTER)|x64
		Debug (JBCOMPUTER)|x86 = Debug (JBCOMPUTER)|x86
		Debug|Any CPU = Debug|Any CPU
		Debug|Mixed Platforms = Debug|Mixed Platforms
		Debug|x64 = Debug|x64
		Debug|x86 = Debug|x86
		DomainBox|Any CPU = DomainBox|Any CPU
		DomainBox|Mixed Platforms = DomainBox|Mixed Platforms
		DomainBox|x64 = DomainBox|x64
		DomainBox|x86 = DomainBox|x86
		ECS|Any CPU = ECS|Any CPU
		ECS|Mixed Platforms = ECS|Mixed Platforms
		ECS|x64 = ECS|x64
		ECS|x86 = ECS|x86
		JBCOMPUTER|Any CPU = JBCOMPUTER|Any CPU
		JBCOMPUTER|Mixed Platforms = JBCOMPUTER|Mixed Platforms
		JBCOMPUTER|x64 = JBCOMPUTER|x64
		JBCOMPUTER|x86 = JBCOMPUTER|x86
		Release|Any CPU = Release|Any CPU
		Release|Mixed Platforms = Release|Mixed Platforms
		Release|x64 = Release|x64
		Release|x86 = Release|x86
	EndGlobalSection
	GlobalSection(ProjectConfigurationPlatforms) = postSolution
		{38E21C0E-05D3-4BF1-8890-3DBA7AAF69C8}.Debug (JBCOMPUTER)|Any CPU.ActiveCfg = Debug (JBCOMPUTER)|Any CPU
		{38E21C0E-05D3-4BF1-8890-3DBA7AAF69C8}.Debug (JBCOMPUTER)|Any CPU.Build.0 = Debug (JBCOMPUTER)|Any CPU
		{38E21C0E-05D3-4BF1-8890-3DBA7AAF69C8}.Debug (JBCOMPUTER)|Mixed Platforms.ActiveCfg = Debug (JBCOMPUTER)|Any CPU
		{38E21C0E-05D3-4BF1-8890-3DBA7AAF69C8}.Debug (JBCOMPUTER)|Mixed Platforms.Build.0 = Debug (JBCOMPUTER)|Any CPU
		{38E21C0E-05D3-4BF1-8890-3DBA7AAF69C8}.Debug (JBCOMPUTER)|x64.ActiveCfg = Debug (JBCOMPUTER)|Any CPU
		{38E21C0E-05D3-4BF1-8890-3DBA7AAF69C8}.Debug (JBCOMPUTER)|x86.ActiveCfg = Debug (JBCOMPUTER)|Any CPU
		{38E21C0E-05D3-4BF1-8890-3DBA7AAF69C8}.Debug|Any CPU.ActiveCfg = Debug|Any CPU
		{38E21C0E-05D3-4BF1-8890-3DBA7AAF69C8}.Debug|Any CPU.Build.0 = Debug|Any CPU
		{38E21C0E-05D3-4BF1-8890-3DBA7AAF69C8}.Debug|Mixed Platforms.ActiveCfg = Debug|Any CPU
		{38E21C0E-05D3-4BF1-8890-3DBA7AAF69C8}.Debug|x64.ActiveCfg = Debug|Any CPU
		{38E21C0E-05D3-4BF1-8890-3DBA7AAF69C8}.Debug|x86.ActiveCfg = Debug|Any CPU
		{38E21C0E-05D3-4BF1-8890-3DBA7AAF69C8}.DomainBox|Any CPU.ActiveCfg = DomainBox|Any CPU
		{38E21C0E-05D3-4BF1-8890-3DBA7AAF69C8}.DomainBox|Any CPU.Build.0 = DomainBox|Any CPU
		{38E21C0E-05D3-4BF1-8890-3DBA7AAF69C8}.DomainBox|Mixed Platforms.ActiveCfg = DomainBox|Any CPU
		{38E21C0E-05D3-4BF1-8890-3DBA7AAF69C8}.DomainBox|Mixed Platforms.Build.0 = DomainBox|Any CPU
		{38E21C0E-05D3-4BF1-8890-3DBA7AAF69C8}.DomainBox|x64.ActiveCfg = DomainBox|Any CPU
		{38E21C0E-05D3-4BF1-8890-3DBA7AAF69C8}.DomainBox|x86.ActiveCfg = DomainBox|Any CPU
		{38E21C0E-05D3-4BF1-8890-3DBA7AAF69C8}.ECS|Any CPU.ActiveCfg = ECS|Any CPU
		{38E21C0E-05D3-4BF1-8890-3DBA7AAF69C8}.ECS|Any CPU.Build.0 = ECS|Any CPU
		{38E21C0E-05D3-4BF1-8890-3DBA7AAF69C8}.ECS|Mixed Platforms.ActiveCfg = ECS|Any CPU
		{38E21C0E-05D3-4BF1-8890-3DBA7AAF69C8}.ECS|Mixed Platforms.Build.0 = ECS|Any CPU
		{38E21C0E-05D3-4BF1-8890-3DBA7AAF69C8}.ECS|x64.ActiveCfg = ECS|Any CPU
		{38E21C0E-05D3-4BF1-8890-3DBA7AAF69C8}.ECS|x86.ActiveCfg = ECS|Any CPU
		{38E21C0E-05D3-4BF1-8890-3DBA7AAF69C8}.JBCOMPUTER|Any CPU.ActiveCfg = JBCOMPUTER|Any CPU
		{38E21C0E-05D3-4BF1-8890-3DBA7AAF69C8}.JBCOMPUTER|Any CPU.Build.0 = JBCOMPUTER|Any CPU
		{38E21C0E-05D3-4BF1-8890-3DBA7AAF69C8}.JBCOMPUTER|Mixed Platforms.ActiveCfg = JBCOMPUTER|Any CPU
		{38E21C0E-05D3-4BF1-8890-3DBA7AAF69C8}.JBCOMPUTER|Mixed Platforms.Build.0 = JBCOMPUTER|Any CPU
		{38E21C0E-05D3-4BF1-8890-3DBA7AAF69C8}.JBCOMPUTER|x64.ActiveCfg = JBCOMPUTER|Any CPU
		{38E21C0E-05D3-4BF1-8890-3DBA7AAF69C8}.JBCOMPUTER|x86.ActiveCfg = JBCOMPUTER|Any CPU
		{38E21C0E-05D3-4BF1-8890-3DBA7AAF69C8}.Release|Any CPU.ActiveCfg = Release|Any CPU
		{38E21C0E-05D3-4BF1-8890-3DBA7AAF69C8}.Release|Mixed Platforms.ActiveCfg = Release|Any CPU
		{38E21C0E-05D3-4BF1-8890-3DBA7AAF69C8}.Release|x64.ActiveCfg = Release|Any CPU
		{38E21C0E-05D3-4BF1-8890-3DBA7AAF69C8}.Release|x86.ActiveCfg = Release|Any CPU
		{748B295B-67E7-4FC7-93FD-6C9897E85017}.Debug (JBCOMPUTER)|Any CPU.ActiveCfg = Debug (JBCOMPUTER)|Any CPU
		{748B295B-67E7-4FC7-93FD-6C9897E85017}.Debug (JBCOMPUTER)|Any CPU.Build.0 = Debug (JBCOMPUTER)|Any CPU
		{748B295B-67E7-4FC7-93FD-6C9897E85017}.Debug (JBCOMPUTER)|Mixed Platforms.ActiveCfg = Debug (JBCOMPUTER)|Any CPU
		{748B295B-67E7-4FC7-93FD-6C9897E85017}.Debug (JBCOMPUTER)|Mixed Platforms.Build.0 = Debug (JBCOMPUTER)|Any CPU
		{748B295B-67E7-4FC7-93FD-6C9897E85017}.Debug (JBCOMPUTER)|x64.ActiveCfg = Debug (JBCOMPUTER)|Any CPU
		{748B295B-67E7-4FC7-93FD-6C9897E85017}.Debug (JBCOMPUTER)|x86.ActiveCfg = Debug (JBCOMPUTER)|Any CPU
		{748B295B-67E7-4FC7-93FD-6C9897E85017}.Debug|Any CPU.ActiveCfg = Debug|Any CPU
		{748B295B-67E7-4FC7-93FD-6C9897E85017}.Debug|Any CPU.Build.0 = Debug|Any CPU
		{748B295B-67E7-4FC7-93FD-6C9897E85017}.Debug|Mixed Platforms.ActiveCfg = Debug|Any CPU
		{748B295B-67E7-4FC7-93FD-6C9897E85017}.Debug|x64.ActiveCfg = Debug|Any CPU
		{748B295B-67E7-4FC7-93FD-6C9897E85017}.Debug|x86.ActiveCfg = Debug|Any CPU
		{748B295B-67E7-4FC7-93FD-6C9897E85017}.DomainBox|Any CPU.ActiveCfg = DomainBox|Any CPU
		{748B295B-67E7-4FC7-93FD-6C9897E85017}.DomainBox|Any CPU.Build.0 = DomainBox|Any CPU
		{748B295B-67E7-4FC7-93FD-6C9897E85017}.DomainBox|Mixed Platforms.ActiveCfg = DomainBox|Any CPU
		{748B295B-67E7-4FC7-93FD-6C9897E85017}.DomainBox|Mixed Platforms.Build.0 = DomainBox|Any CPU
		{748B295B-67E7-4FC7-93FD-6C9897E85017}.DomainBox|x64.ActiveCfg = DomainBox|Any CPU
		{748B295B-67E7-4FC7-93FD-6C9897E85017}.DomainBox|x86.ActiveCfg = DomainBox|Any CPU
		{748B295B-67E7-4FC7-93FD-6C9897E85017}.ECS|Any CPU.ActiveCfg = ECS|Any CPU
		{748B295B-67E7-4FC7-93FD-6C9897E85017}.ECS|Any CPU.Build.0 = ECS|Any CPU
		{748B295B-67E7-4FC7-93FD-6C9897E85017}.ECS|Mixed Platforms.ActiveCfg = ECS|Any CPU
		{748B295B-67E7-4FC7-93FD-6C9897E85017}.ECS|Mixed Platforms.Build.0 = ECS|Any CPU
		{748B295B-67E7-4FC7-93FD-6C9897E85017}.ECS|x64.ActiveCfg = ECS|Any CPU
		{748B295B-67E7-4FC7-93FD-6C9897E85017}.ECS|x86.ActiveCfg = ECS|Any CPU
		{748B295B-67E7-4FC7-93FD-6C9897E85017}.JBCOMPUTER|Any CPU.ActiveCfg = JBCOMPUTER|Any CPU
		{748B295B-67E7-4FC7-93FD-6C9897E85017}.JBCOMPUTER|Any CPU.Build.0 = JBCOMPUTER|Any CPU
		{748B295B-67E7-4FC7-93FD-6C9897E85017}.JBCOMPUTER|Mixed Platforms.ActiveCfg = JBCOMPUTER|Any CPU
		{748B295B-67E7-4FC7-93FD-6C9897E85017}.JBCOMPUTER|Mixed Platforms.Build.0 = JBCOMPUTER|Any CPU
		{748B295B-67E7-4FC7-93FD-6C9897E85017}.JBCOMPUTER|x64.ActiveCfg = JBCOMPUTER|Any CPU
		{748B295B-67E7-4FC7-93FD-6C9897E85017}.JBCOMPUTER|x86.ActiveCfg = JBCOMPUTER|Any CPU
		{748B295B-67E7-4FC7-93FD-6C9897E85017}.Release|Any CPU.ActiveCfg = Release|Any CPU
		{748B295B-67E7-4FC7-93FD-6C9897E85017}.Release|Mixed Platforms.ActiveCfg = Release|Any CPU
		{748B295B-67E7-4FC7-93FD-6C9897E85017}.Release|x64.ActiveCfg = Release|Any CPU
		{748B295B-67E7-4FC7-93FD-6C9897E85017}.Release|x86.ActiveCfg = Release|Any CPU
		{FB23CC9C-805D-45CD-A7CB-401CC8B1911D}.Debug (JBCOMPUTER)|Any CPU.ActiveCfg = Debug (JBCOMPUTER)|Any CPU
		{FB23CC9C-805D-45CD-A7CB-401CC8B1911D}.Debug (JBCOMPUTER)|Any CPU.Build.0 = Debug (JBCOMPUTER)|Any CPU
		{FB23CC9C-805D-45CD-A7CB-401CC8B1911D}.Debug (JBCOMPUTER)|Mixed Platforms.ActiveCfg = Debug (JBCOMPUTER)|Any CPU
		{FB23CC9C-805D-45CD-A7CB-401CC8B1911D}.Debug (JBCOMPUTER)|Mixed Platforms.Build.0 = Debug (JBCOMPUTER)|Any CPU
		{FB23CC9C-805D-45CD-A7CB-401CC8B1911D}.Debug (JBCOMPUTER)|x64.ActiveCfg = Debug (JBCOMPUTER)|Any CPU
		{FB23CC9C-805D-45CD-A7CB-401CC8B1911D}.Debug (JBCOMPUTER)|x86.ActiveCfg = Debug (JBCOMPUTER)|Any CPU
		{FB23CC9C-805D-45CD-A7CB-401CC8B1911D}.Debug|Any CPU.ActiveCfg = Debug|Any CPU
		{FB23CC9C-805D-45CD-A7CB-401CC8B1911D}.Debug|Any CPU.Build.0 = Debug|Any CPU
		{FB23CC9C-805D-45CD-A7CB-401CC8B1911D}.Debug|Mixed Platforms.ActiveCfg = Debug|Any CPU
		{FB23CC9C-805D-45CD-A7CB-401CC8B1911D}.Debug|x64.ActiveCfg = Debug|Any CPU
		{FB23CC9C-805D-45CD-A7CB-401CC8B1911D}.Debug|x86.ActiveCfg = Debug|Any CPU
		{FB23CC9C-805D-45CD-A7CB-401CC8B1911D}.DomainBox|Any CPU.ActiveCfg = DomainBox|Any CPU
		{FB23CC9C-805D-45CD-A7CB-401CC8B1911D}.DomainBox|Any CPU.Build.0 = DomainBox|Any CPU
		{FB23CC9C-805D-45CD-A7CB-401CC8B1911D}.DomainBox|Mixed Platforms.ActiveCfg = DomainBox|Any CPU
		{FB23CC9C-805D-45CD-A7CB-401CC8B1911D}.DomainBox|Mixed Platforms.Build.0 = DomainBox|Any CPU
		{FB23CC9C-805D-45CD-A7CB-401CC8B1911D}.DomainBox|x64.ActiveCfg = DomainBox|Any CPU
		{FB23CC9C-805D-45CD-A7CB-401CC8B1911D}.DomainBox|x86.ActiveCfg = DomainBox|Any CPU
		{FB23CC9C-805D-45CD-A7CB-401CC8B1911D}.ECS|Any CPU.ActiveCfg = ECS|Any CPU
		{FB23CC9C-805D-45CD-A7CB-401CC8B1911D}.ECS|Any CPU.Build.0 = ECS|Any CPU
		{FB23CC9C-805D-45CD-A7CB-401CC8B1911D}.ECS|Mixed Platforms.ActiveCfg = ECS|Any CPU
		{FB23CC9C-805D-45CD-A7CB-401CC8B1911D}.ECS|Mixed Platforms.Build.0 = ECS|Any CPU
		{FB23CC9C-805D-45CD-A7CB-401CC8B1911D}.ECS|x64.ActiveCfg = ECS|Any CPU
		{FB23CC9C-805D-45CD-A7CB-401CC8B1911D}.ECS|x86.ActiveCfg = ECS|Any CPU
		{FB23CC9C-805D-45CD-A7CB-401CC8B1911D}.JBCOMPUTER|Any CPU.ActiveCfg = JBCOMPUTER|Any CPU
		{FB23CC9C-805D-45CD-A7CB-401CC8B1911D}.JBCOMPUTER|Any CPU.Build.0 = JBCOMPUTER|Any CPU
		{FB23CC9C-805D-45CD-A7CB-401CC8B1911D}.JBCOMPUTER|Mixed Platforms.ActiveCfg = JBCOMPUTER|Any CPU
		{FB23CC9C-805D-45CD-A7CB-401CC8B1911D}.JBCOMPUTER|Mixed Platforms.Build.0 = JBCOMPUTER|Any CPU
		{FB23CC9C-805D-45CD-A7CB-401CC8B1911D}.JBCOMPUTER|x64.ActiveCfg = JBCOMPUTER|Any CPU
		{FB23CC9C-805D-45CD-A7CB-401CC8B1911D}.JBCOMPUTER|x86.ActiveCfg = JBCOMPUTER|Any CPU
		{FB23CC9C-805D-45CD-A7CB-401CC8B1911D}.Release|Any CPU.ActiveCfg = Release|Any CPU
		{FB23CC9C-805D-45CD-A7CB-401CC8B1911D}.Release|Mixed Platforms.ActiveCfg = Release|Any CPU
		{FB23CC9C-805D-45CD-A7CB-401CC8B1911D}.Release|x64.ActiveCfg = Release|Any CPU
		{FB23CC9C-805D-45CD-A7CB-401CC8B1911D}.Release|x86.ActiveCfg = Release|Any CPU
		{D695EAA6-B358-4C80-82AA-A0AA15EBC5D4}.Debug (JBCOMPUTER)|Any CPU.ActiveCfg = Debug (JBCOMPUTER)|Any CPU
		{D695EAA6-B358-4C80-82AA-A0AA15EBC5D4}.Debug (JBCOMPUTER)|Any CPU.Build.0 = Debug (JBCOMPUTER)|Any CPU
		{D695EAA6-B358-4C80-82AA-A0AA15EBC5D4}.Debug (JBCOMPUTER)|Mixed Platforms.ActiveCfg = Debug (JBCOMPUTER)|Any CPU
		{D695EAA6-B358-4C80-82AA-A0AA15EBC5D4}.Debug (JBCOMPUTER)|Mixed Platforms.Build.0 = Debug (JBCOMPUTER)|Any CPU
		{D695EAA6-B358-4C80-82AA-A0AA15EBC5D4}.Debug (JBCOMPUTER)|x64.ActiveCfg = Debug (JBCOMPUTER)|Any CPU
		{D695EAA6-B358-4C80-82AA-A0AA15EBC5D4}.Debug (JBCOMPUTER)|x86.ActiveCfg = Debug (JBCOMPUTER)|Any CPU
		{D695EAA6-B358-4C80-82AA-A0AA15EBC5D4}.Debug|Any CPU.ActiveCfg = Debug|Any CPU
		{D695EAA6-B358-4C80-82AA-A0AA15EBC5D4}.Debug|Any CPU.Build.0 = Debug|Any CPU
		{D695EAA6-B358-4C80-82AA-A0AA15EBC5D4}.Debug|Mixed Platforms.ActiveCfg = Debug|Any CPU
		{D695EAA6-B358-4C80-82AA-A0AA15EBC5D4}.Debug|x64.ActiveCfg = Debug|Any CPU
		{D695EAA6-B358-4C80-82AA-A0AA15EBC5D4}.Debug|x86.ActiveCfg = Debug|Any CPU
		{D695EAA6-B358-4C80-82AA-A0AA15EBC5D4}.DomainBox|Any CPU.ActiveCfg = DomainBox|Any CPU
		{D695EAA6-B358-4C80-82AA-A0AA15EBC5D4}.DomainBox|Any CPU.Build.0 = DomainBox|Any CPU
		{D695EAA6-B358-4C80-82AA-A0AA15EBC5D4}.DomainBox|Mixed Platforms.ActiveCfg = DomainBox|Any CPU
		{D695EAA6-B358-4C80-82AA-A0AA15EBC5D4}.DomainBox|Mixed Platforms.Build.0 = DomainBox|Any CPU
		{D695EAA6-B358-4C80-82AA-A0AA15EBC5D4}.DomainBox|x64.ActiveCfg = DomainBox|Any CPU
		{D695EAA6-B358-4C80-82AA-A0AA15EBC5D4}.DomainBox|x86.ActiveCfg = DomainBox|Any CPU
		{D695EAA6-B358-4C80-82AA-A0AA15EBC5D4}.ECS|Any CPU.ActiveCfg = ECS|Any CPU
		{D695EAA6-B358-4C80-82AA-A0AA15EBC5D4}.ECS|Any CPU.Build.0 = ECS|Any CPU
		{D695EAA6-B358-4C80-82AA-A0AA15EBC5D4}.ECS|Mixed Platforms.ActiveCfg = ECS|Any CPU
		{D695EAA6-B358-4C80-82AA-A0AA15EBC5D4}.ECS|Mixed Platforms.Build.0 = ECS|Any CPU
		{D695EAA6-B358-4C80-82AA-A0AA15EBC5D4}.ECS|x64.ActiveCfg = ECS|Any CPU
		{D695EAA6-B358-4C80-82AA-A0AA15EBC5D4}.ECS|x86.ActiveCfg = ECS|Any CPU
		{D695EAA6-B358-4C80-82AA-A0AA15EBC5D4}.JBCOMPUTER|Any CPU.ActiveCfg = JBCOMPUTER|Any CPU
		{D695EAA6-B358-4C80-82AA-A0AA15EBC5D4}.JBCOMPUTER|Any CPU.Build.0 = JBCOMPUTER|Any CPU
		{D695EAA6-B358-4C80-82AA-A0AA15EBC5D4}.JBCOMPUTER|Mixed Platforms.ActiveCfg = JBCOMPUTER|Any CPU
		{D695EAA6-B358-4C80-82AA-A0AA15EBC5D4}.JBCOMPUTER|Mixed Platforms.Build.0 = JBCOMPUTER|Any CPU
		{D695EAA6-B358-4C80-82AA-A0AA15EBC5D4}.JBCOMPUTER|x64.ActiveCfg = JBCOMPUTER|Any CPU
		{D695EAA6-B358-4C80-82AA-A0AA15EBC5D4}.JBCOMPUTER|x86.ActiveCfg = JBCOMPUTER|Any CPU
		{D695EAA6-B358-4C80-82AA-A0AA15EBC5D4}.Release|Any CPU.ActiveCfg = Release|Any CPU
		{D695EAA6-B358-4C80-82AA-A0AA15EBC5D4}.Release|Mixed Platforms.ActiveCfg = Release|Any CPU
		{D695EAA6-B358-4C80-82AA-A0AA15EBC5D4}.Release|x64.ActiveCfg = Release|Any CPU
		{D695EAA6-B358-4C80-82AA-A0AA15EBC5D4}.Release|x86.ActiveCfg = Release|Any CPU
		{75722E2E-2954-4A8B-96E1-9AC650E3F5B9}.Debug (JBCOMPUTER)|Any CPU.ActiveCfg = Debug (JBCOMPUTER)|Any CPU
		{75722E2E-2954-4A8B-96E1-9AC650E3F5B9}.Debug (JBCOMPUTER)|Any CPU.Build.0 = Debug (JBCOMPUTER)|Any CPU
		{75722E2E-2954-4A8B-96E1-9AC650E3F5B9}.Debug (JBCOMPUTER)|Mixed Platforms.ActiveCfg = Debug (JBCOMPUTER)|Any CPU
		{75722E2E-2954-4A8B-96E1-9AC650E3F5B9}.Debug (JBCOMPUTER)|Mixed Platforms.Build.0 = Debug (JBCOMPUTER)|Any CPU
		{75722E2E-2954-4A8B-96E1-9AC650E3F5B9}.Debug (JBCOMPUTER)|x64.ActiveCfg = Debug (JBCOMPUTER)|Any CPU
		{75722E2E-2954-4A8B-96E1-9AC650E3F5B9}.Debug (JBCOMPUTER)|x86.ActiveCfg = Debug (JBCOMPUTER)|Any CPU
		{75722E2E-2954-4A8B-96E1-9AC650E3F5B9}.Debug|Any CPU.ActiveCfg = Debug|Any CPU
		{75722E2E-2954-4A8B-96E1-9AC650E3F5B9}.Debug|Any CPU.Build.0 = Debug|Any CPU
		{75722E2E-2954-4A8B-96E1-9AC650E3F5B9}.Debug|Mixed Platforms.ActiveCfg = Debug|Any CPU
		{75722E2E-2954-4A8B-96E1-9AC650E3F5B9}.Debug|x64.ActiveCfg = Debug|Any CPU
		{75722E2E-2954-4A8B-96E1-9AC650E3F5B9}.Debug|x86.ActiveCfg = Debug|Any CPU
		{75722E2E-2954-4A8B-96E1-9AC650E3F5B9}.DomainBox|Any CPU.ActiveCfg = DomainBox|Any CPU
		{75722E2E-2954-4A8B-96E1-9AC650E3F5B9}.DomainBox|Any CPU.Build.0 = DomainBox|Any CPU
		{75722E2E-2954-4A8B-96E1-9AC650E3F5B9}.DomainBox|Mixed Platforms.ActiveCfg = DomainBox|Any CPU
		{75722E2E-2954-4A8B-96E1-9AC650E3F5B9}.DomainBox|Mixed Platforms.Build.0 = DomainBox|Any CPU
		{75722E2E-2954-4A8B-96E1-9AC650E3F5B9}.DomainBox|x64.ActiveCfg = DomainBox|Any CPU
		{75722E2E-2954-4A8B-96E1-9AC650E3F5B9}.DomainBox|x86.ActiveCfg = DomainBox|Any CPU
		{75722E2E-2954-4A8B-96E1-9AC650E3F5B9}.ECS|Any CPU.ActiveCfg = ECS|Any CPU
		{75722E2E-2954-4A8B-96E1-9AC650E3F5B9}.ECS|Any CPU.Build.0 = ECS|Any CPU
		{75722E2E-2954-4A8B-96E1-9AC650E3F5B9}.ECS|Mixed Platforms.ActiveCfg = ECS|Any CPU
		{75722E2E-2954-4A8B-96E1-9AC650E3F5B9}.ECS|Mixed Platforms.Build.0 = ECS|Any CPU
		{75722E2E-2954-4A8B-96E1-9AC650E3F5B9}.ECS|x64.ActiveCfg = ECS|Any CPU
		{75722E2E-2954-4A8B-96E1-9AC650E3F5B9}.ECS|x86.ActiveCfg = ECS|Any CPU
		{75722E2E-2954-4A8B-96E1-9AC650E3F5B9}.JBCOMPUTER|Any CPU.ActiveCfg = JBCOMPUTER|Any CPU
		{75722E2E-2954-4A8B-96E1-9AC650E3F5B9}.JBCOMPUTER|Any CPU.Build.0 = JBCOMPUTER|Any CPU
		{75722E2E-2954-4A8B-96E1-9AC650E3F5B9}.JBCOMPUTER|Mixed Platforms.ActiveCfg = JBCOMPUTER|Any CPU
		{75722E2E-2954-4A8B-96E1-9AC650E3F5B9}.JBCOMPUTER|Mixed Platforms.Build.0 = JBCOMPUTER|Any CPU
		{75722E2E-2954-4A8B-96E1-9AC650E3F5B9}.JBCOMPUTER|x64.ActiveCfg = JBCOMPUTER|Any CPU
		{75722E2E-2954-4A8B-96E1-9AC650E3F5B9}.JBCOMPUTER|x86.ActiveCfg = JBCOMPUTER|Any CPU
		{75722E2E-2954-4A8B-96E1-9AC650E3F5B9}.Release|Any CPU.ActiveCfg = Release|Any CPU
		{75722E2E-2954-4A8B-96E1-9AC650E3F5B9}.Release|Mixed Platforms.ActiveCfg = Release|Any CPU
		{75722E2E-2954-4A8B-96E1-9AC650E3F5B9}.Release|x64.ActiveCfg = Release|Any CPU
		{75722E2E-2954-4A8B-96E1-9AC650E3F5B9}.Release|x86.ActiveCfg = Release|Any CPU
		{182ED3FC-0121-4A3F-9F79-B8C5782BB755}.Debug (JBCOMPUTER)|Any CPU.ActiveCfg = Debug (JBCOMPUTER)|Any CPU
		{182ED3FC-0121-4A3F-9F79-B8C5782BB755}.Debug (JBCOMPUTER)|Any CPU.Build.0 = Debug (JBCOMPUTER)|Any CPU
		{182ED3FC-0121-4A3F-9F79-B8C5782BB755}.Debug (JBCOMPUTER)|Mixed Platforms.ActiveCfg = Debug (JBCOMPUTER)|Any CPU
		{182ED3FC-0121-4A3F-9F79-B8C5782BB755}.Debug (JBCOMPUTER)|Mixed Platforms.Build.0 = Debug (JBCOMPUTER)|Any CPU
		{182ED3FC-0121-4A3F-9F79-B8C5782BB755}.Debug (JBCOMPUTER)|x64.ActiveCfg = Debug (JBCOMPUTER)|Any CPU
		{182ED3FC-0121-4A3F-9F79-B8C5782BB755}.Debug (JBCOMPUTER)|x86.ActiveCfg = Debug (JBCOMPUTER)|Any CPU
		{182ED3FC-0121-4A3F-9F79-B8C5782BB755}.Debug|Any CPU.ActiveCfg = Debug|Any CPU
		{182ED3FC-0121-4A3F-9F79-B8C5782BB755}.Debug|Any CPU.Build.0 = Debug|Any CPU
		{182ED3FC-0121-4A3F-9F79-B8C5782BB755}.Debug|Mixed Platforms.ActiveCfg = Debug|Any CPU
		{182ED3FC-0121-4A3F-9F79-B8C5782BB755}.Debug|x64.ActiveCfg = Debug|Any CPU
		{182ED3FC-0121-4A3F-9F79-B8C5782BB755}.Debug|x86.ActiveCfg = Debug|Any CPU
		{182ED3FC-0121-4A3F-9F79-B8C5782BB755}.DomainBox|Any CPU.ActiveCfg = DomainBox|Any CPU
		{182ED3FC-0121-4A3F-9F79-B8C5782BB755}.DomainBox|Any CPU.Build.0 = DomainBox|Any CPU
		{182ED3FC-0121-4A3F-9F79-B8C5782BB755}.DomainBox|Mixed Platforms.ActiveCfg = DomainBox|Any CPU
		{182ED3FC-0121-4A3F-9F79-B8C5782BB755}.DomainBox|Mixed Platforms.Build.0 = DomainBox|Any CPU
		{182ED3FC-0121-4A3F-9F79-B8C5782BB755}.DomainBox|x64.ActiveCfg = DomainBox|Any CPU
		{182ED3FC-0121-4A3F-9F79-B8C5782BB755}.DomainBox|x86.ActiveCfg = DomainBox|Any CPU
		{182ED3FC-0121-4A3F-9F79-B8C5782BB755}.ECS|Any CPU.ActiveCfg = ECS|Any CPU
		{182ED3FC-0121-4A3F-9F79-B8C5782BB755}.ECS|Any CPU.Build.0 = ECS|Any CPU
		{182ED3FC-0121-4A3F-9F79-B8C5782BB755}.ECS|Mixed Platforms.ActiveCfg = ECS|Any CPU
		{182ED3FC-0121-4A3F-9F79-B8C5782BB755}.ECS|Mixed Platforms.Build.0 = ECS|Any CPU
		{182ED3FC-0121-4A3F-9F79-B8C5782BB755}.ECS|x64.ActiveCfg = ECS|Any CPU
		{182ED3FC-0121-4A3F-9F79-B8C5782BB755}.ECS|x86.ActiveCfg = ECS|Any CPU
		{182ED3FC-0121-4A3F-9F79-B8C5782BB755}.JBCOMPUTER|Any CPU.ActiveCfg = JBCOMPUTER|Any CPU
		{182ED3FC-0121-4A3F-9F79-B8C5782BB755}.JBCOMPUTER|Any CPU.Build.0 = JBCOMPUTER|Any CPU
		{182ED3FC-0121-4A3F-9F79-B8C5782BB755}.JBCOMPUTER|Mixed Platforms.ActiveCfg = JBCOMPUTER|Any CPU
		{182ED3FC-0121-4A3F-9F79-B8C5782BB755}.JBCOMPUTER|Mixed Platforms.Build.0 = JBCOMPUTER|Any CPU
		{182ED3FC-0121-4A3F-9F79-B8C5782BB755}.JBCOMPUTER|x64.ActiveCfg = JBCOMPUTER|Any CPU
		{182ED3FC-0121-4A3F-9F79-B8C5782BB755}.JBCOMPUTER|x86.ActiveCfg = JBCOMPUTER|Any CPU
		{182ED3FC-0121-4A3F-9F79-B8C5782BB755}.Release|Any CPU.ActiveCfg = Release|Any CPU
		{182ED3FC-0121-4A3F-9F79-B8C5782BB755}.Release|Mixed Platforms.ActiveCfg = Release|Any CPU
		{182ED3FC-0121-4A3F-9F79-B8C5782BB755}.Release|x64.ActiveCfg = Release|Any CPU
		{182ED3FC-0121-4A3F-9F79-B8C5782BB755}.Release|x86.ActiveCfg = Release|Any CPU
		{BFBAC159-1E60-4D03-8ACA-D34E31EB83BF}.Debug (JBCOMPUTER)|Any CPU.ActiveCfg = Debug (JBCOMPUTER)|Any CPU
		{BFBAC159-1E60-4D03-8ACA-D34E31EB83BF}.Debug (JBCOMPUTER)|Any CPU.Build.0 = Debug (JBCOMPUTER)|Any CPU
		{BFBAC159-1E60-4D03-8ACA-D34E31EB83BF}.Debug (JBCOMPUTER)|Mixed Platforms.ActiveCfg = Debug (JBCOMPUTER)|Any CPU
		{BFBAC159-1E60-4D03-8ACA-D34E31EB83BF}.Debug (JBCOMPUTER)|Mixed Platforms.Build.0 = Debug (JBCOMPUTER)|Any CPU
		{BFBAC159-1E60-4D03-8ACA-D34E31EB83BF}.Debug (JBCOMPUTER)|x64.ActiveCfg = Debug (JBCOMPUTER)|Any CPU
		{BFBAC159-1E60-4D03-8ACA-D34E31EB83BF}.Debug (JBCOMPUTER)|x86.ActiveCfg = Debug (JBCOMPUTER)|Any CPU
		{BFBAC159-1E60-4D03-8ACA-D34E31EB83BF}.Debug|Any CPU.ActiveCfg = Debug|Any CPU
		{BFBAC159-1E60-4D03-8ACA-D34E31EB83BF}.Debug|Any CPU.Build.0 = Debug|Any CPU
		{BFBAC159-1E60-4D03-8ACA-D34E31EB83BF}.Debug|Mixed Platforms.ActiveCfg = Debug|Any CPU
		{BFBAC159-1E60-4D03-8ACA-D34E31EB83BF}.Debug|Mixed Platforms.Build.0 = Debug|Any CPU
		{BFBAC159-1E60-4D03-8ACA-D34E31EB83BF}.Debug|x64.ActiveCfg = Debug|Any CPU
		{BFBAC159-1E60-4D03-8ACA-D34E31EB83BF}.Debug|x86.ActiveCfg = Debug|Any CPU
		{BFBAC159-1E60-4D03-8ACA-D34E31EB83BF}.DomainBox|Any CPU.ActiveCfg = DomainBox|Any CPU
		{BFBAC159-1E60-4D03-8ACA-D34E31EB83BF}.DomainBox|Any CPU.Build.0 = DomainBox|Any CPU
		{BFBAC159-1E60-4D03-8ACA-D34E31EB83BF}.DomainBox|Mixed Platforms.ActiveCfg = DomainBox|Any CPU
		{BFBAC159-1E60-4D03-8ACA-D34E31EB83BF}.DomainBox|Mixed Platforms.Build.0 = DomainBox|Any CPU
		{BFBAC159-1E60-4D03-8ACA-D34E31EB83BF}.DomainBox|x64.ActiveCfg = DomainBox|Any CPU
		{BFBAC159-1E60-4D03-8ACA-D34E31EB83BF}.DomainBox|x86.ActiveCfg = DomainBox|Any CPU
		{BFBAC159-1E60-4D03-8ACA-D34E31EB83BF}.ECS|Any CPU.ActiveCfg = ECS|Any CPU
		{BFBAC159-1E60-4D03-8ACA-D34E31EB83BF}.ECS|Any CPU.Build.0 = ECS|Any CPU
		{BFBAC159-1E60-4D03-8ACA-D34E31EB83BF}.ECS|Mixed Platforms.ActiveCfg = ECS|Any CPU
		{BFBAC159-1E60-4D03-8ACA-D34E31EB83BF}.ECS|Mixed Platforms.Build.0 = ECS|Any CPU
		{BFBAC159-1E60-4D03-8ACA-D34E31EB83BF}.ECS|x64.ActiveCfg = ECS|Any CPU
		{BFBAC159-1E60-4D03-8ACA-D34E31EB83BF}.ECS|x86.ActiveCfg = ECS|Any CPU
		{BFBAC159-1E60-4D03-8ACA-D34E31EB83BF}.JBCOMPUTER|Any CPU.ActiveCfg = JBCOMPUTER|Any CPU
		{BFBAC159-1E60-4D03-8ACA-D34E31EB83BF}.JBCOMPUTER|Any CPU.Build.0 = JBCOMPUTER|Any CPU
		{BFBAC159-1E60-4D03-8ACA-D34E31EB83BF}.JBCOMPUTER|Mixed Platforms.ActiveCfg = JBCOMPUTER|Any CPU
		{BFBAC159-1E60-4D03-8ACA-D34E31EB83BF}.JBCOMPUTER|Mixed Platforms.Build.0 = JBCOMPUTER|Any CPU
		{BFBAC159-1E60-4D03-8ACA-D34E31EB83BF}.JBCOMPUTER|x64.ActiveCfg = JBCOMPUTER|Any CPU
		{BFBAC159-1E60-4D03-8ACA-D34E31EB83BF}.JBCOMPUTER|x86.ActiveCfg = JBCOMPUTER|Any CPU
		{BFBAC159-1E60-4D03-8ACA-D34E31EB83BF}.Release|Any CPU.ActiveCfg = Release|Any CPU
		{BFBAC159-1E60-4D03-8ACA-D34E31EB83BF}.Release|Any CPU.Build.0 = Release|Any CPU
		{BFBAC159-1E60-4D03-8ACA-D34E31EB83BF}.Release|Mixed Platforms.ActiveCfg = Release|Any CPU
		{BFBAC159-1E60-4D03-8ACA-D34E31EB83BF}.Release|Mixed Platforms.Build.0 = Release|Any CPU
		{BFBAC159-1E60-4D03-8ACA-D34E31EB83BF}.Release|x64.ActiveCfg = Release|Any CPU
		{BFBAC159-1E60-4D03-8ACA-D34E31EB83BF}.Release|x86.ActiveCfg = Release|Any CPU
		{D569E168-0BC3-4C25-8D42-880879831975}.Debug (JBCOMPUTER)|Any CPU.ActiveCfg = Debug (JBCOMPUTER)|Any CPU
		{D569E168-0BC3-4C25-8D42-880879831975}.Debug (JBCOMPUTER)|Any CPU.Build.0 = Debug (JBCOMPUTER)|Any CPU
		{D569E168-0BC3-4C25-8D42-880879831975}.Debug (JBCOMPUTER)|Mixed Platforms.ActiveCfg = Debug (JBCOMPUTER)|Any CPU
		{D569E168-0BC3-4C25-8D42-880879831975}.Debug (JBCOMPUTER)|Mixed Platforms.Build.0 = Debug (JBCOMPUTER)|Any CPU
		{D569E168-0BC3-4C25-8D42-880879831975}.Debug (JBCOMPUTER)|x64.ActiveCfg = Debug (JBCOMPUTER)|Any CPU
		{D569E168-0BC3-4C25-8D42-880879831975}.Debug (JBCOMPUTER)|x86.ActiveCfg = Debug (JBCOMPUTER)|Any CPU
		{D569E168-0BC3-4C25-8D42-880879831975}.Debug|Any CPU.ActiveCfg = Debug|Any CPU
		{D569E168-0BC3-4C25-8D42-880879831975}.Debug|Any CPU.Build.0 = Debug|Any CPU
		{D569E168-0BC3-4C25-8D42-880879831975}.Debug|Mixed Platforms.ActiveCfg = Debug|Any CPU
		{D569E168-0BC3-4C25-8D42-880879831975}.Debug|Mixed Platforms.Build.0 = Debug|Any CPU
		{D569E168-0BC3-4C25-8D42-880879831975}.Debug|x64.ActiveCfg = Debug|Any CPU
		{D569E168-0BC3-4C25-8D42-880879831975}.Debug|x86.ActiveCfg = Debug|Any CPU
		{D569E168-0BC3-4C25-8D42-880879831975}.DomainBox|Any CPU.ActiveCfg = DomainBox|Any CPU
		{D569E168-0BC3-4C25-8D42-880879831975}.DomainBox|Any CPU.Build.0 = DomainBox|Any CPU
		{D569E168-0BC3-4C25-8D42-880879831975}.DomainBox|Mixed Platforms.ActiveCfg = DomainBox|Any CPU
		{D569E168-0BC3-4C25-8D42-880879831975}.DomainBox|Mixed Platforms.Build.0 = DomainBox|Any CPU
		{D569E168-0BC3-4C25-8D42-880879831975}.DomainBox|x64.ActiveCfg = DomainBox|Any CPU
		{D569E168-0BC3-4C25-8D42-880879831975}.DomainBox|x86.ActiveCfg = DomainBox|Any CPU
		{D569E168-0BC3-4C25-8D42-880879831975}.ECS|Any CPU.ActiveCfg = ECS|Any CPU
		{D569E168-0BC3-4C25-8D42-880879831975}.ECS|Any CPU.Build.0 = ECS|Any CPU
		{D569E168-0BC3-4C25-8D42-880879831975}.ECS|Mixed Platforms.ActiveCfg = ECS|Any CPU
		{D569E168-0BC3-4C25-8D42-880879831975}.ECS|Mixed Platforms.Build.0 = ECS|Any CPU
		{D569E168-0BC3-4C25-8D42-880879831975}.ECS|x64.ActiveCfg = ECS|Any CPU
		{D569E168-0BC3-4C25-8D42-880879831975}.ECS|x86.ActiveCfg = ECS|Any CPU
		{D569E168-0BC3-4C25-8D42-880879831975}.JBCOMPUTER|Any CPU.ActiveCfg = JBCOMPUTER|Any CPU
		{D569E168-0BC3-4C25-8D42-880879831975}.JBCOMPUTER|Any CPU.Build.0 = JBCOMPUTER|Any CPU
		{D569E168-0BC3-4C25-8D42-880879831975}.JBCOMPUTER|Mixed Platforms.ActiveCfg = JBCOMPUTER|Any CPU
		{D569E168-0BC3-4C25-8D42-880879831975}.JBCOMPUTER|Mixed Platforms.Build.0 = JBCOMPUTER|Any CPU
		{D569E168-0BC3-4C25-8D42-880879831975}.JBCOMPUTER|x64.ActiveCfg = JBCOMPUTER|Any CPU
		{D569E168-0BC3-4C25-8D42-880879831975}.JBCOMPUTER|x86.ActiveCfg = JBCOMPUTER|Any CPU
		{D569E168-0BC3-4C25-8D42-880879831975}.Release|Any CPU.ActiveCfg = Release|Any CPU
		{D569E168-0BC3-4C25-8D42-880879831975}.Release|Any CPU.Build.0 = Release|Any CPU
		{D569E168-0BC3-4C25-8D42-880879831975}.Release|Mixed Platforms.ActiveCfg = Release|Any CPU
		{D569E168-0BC3-4C25-8D42-880879831975}.Release|Mixed Platforms.Build.0 = Release|Any CPU
		{D569E168-0BC3-4C25-8D42-880879831975}.Release|x64.ActiveCfg = Release|Any CPU
		{D569E168-0BC3-4C25-8D42-880879831975}.Release|x86.ActiveCfg = Release|Any CPU
		{97CFD688-BBEA-47F5-90FC-718DCD1CFD71}.Debug (JBCOMPUTER)|Any CPU.ActiveCfg = Debug|Any CPU
		{97CFD688-BBEA-47F5-90FC-718DCD1CFD71}.Debug (JBCOMPUTER)|Any CPU.Build.0 = Debug|Any CPU
		{97CFD688-BBEA-47F5-90FC-718DCD1CFD71}.Debug (JBCOMPUTER)|Mixed Platforms.ActiveCfg = Debug|Any CPU
		{97CFD688-BBEA-47F5-90FC-718DCD1CFD71}.Debug (JBCOMPUTER)|Mixed Platforms.Build.0 = Debug|Any CPU
		{97CFD688-BBEA-47F5-90FC-718DCD1CFD71}.Debug (JBCOMPUTER)|x64.ActiveCfg = Debug|Any CPU
		{97CFD688-BBEA-47F5-90FC-718DCD1CFD71}.Debug (JBCOMPUTER)|x86.ActiveCfg = Debug|Any CPU
		{97CFD688-BBEA-47F5-90FC-718DCD1CFD71}.Debug|Any CPU.ActiveCfg = Debug|Any CPU
		{97CFD688-BBEA-47F5-90FC-718DCD1CFD71}.Debug|Any CPU.Build.0 = Debug|Any CPU
		{97CFD688-BBEA-47F5-90FC-718DCD1CFD71}.Debug|Mixed Platforms.ActiveCfg = Debug|Any CPU
		{97CFD688-BBEA-47F5-90FC-718DCD1CFD71}.Debug|Mixed Platforms.Build.0 = Debug|Any CPU
		{97CFD688-BBEA-47F5-90FC-718DCD1CFD71}.Debug|x64.ActiveCfg = Debug|Any CPU
		{97CFD688-BBEA-47F5-90FC-718DCD1CFD71}.Debug|x86.ActiveCfg = Debug|Any CPU
		{97CFD688-BBEA-47F5-90FC-718DCD1CFD71}.DomainBox|Any CPU.ActiveCfg = Debug|Any CPU
		{97CFD688-BBEA-47F5-90FC-718DCD1CFD71}.DomainBox|Any CPU.Build.0 = Debug|Any CPU
		{97CFD688-BBEA-47F5-90FC-718DCD1CFD71}.DomainBox|Mixed Platforms.ActiveCfg = Debug|Any CPU
		{97CFD688-BBEA-47F5-90FC-718DCD1CFD71}.DomainBox|Mixed Platforms.Build.0 = Debug|Any CPU
		{97CFD688-BBEA-47F5-90FC-718DCD1CFD71}.DomainBox|x64.ActiveCfg = Debug|Any CPU
		{97CFD688-BBEA-47F5-90FC-718DCD1CFD71}.DomainBox|x86.ActiveCfg = Debug|Any CPU
		{97CFD688-BBEA-47F5-90FC-718DCD1CFD71}.ECS|Any CPU.ActiveCfg = Release|Any CPU
		{97CFD688-BBEA-47F5-90FC-718DCD1CFD71}.ECS|Any CPU.Build.0 = Release|Any CPU
		{97CFD688-BBEA-47F5-90FC-718DCD1CFD71}.ECS|Mixed Platforms.ActiveCfg = Release|Any CPU
		{97CFD688-BBEA-47F5-90FC-718DCD1CFD71}.ECS|Mixed Platforms.Build.0 = Release|Any CPU
		{97CFD688-BBEA-47F5-90FC-718DCD1CFD71}.ECS|x64.ActiveCfg = Release|Any CPU
		{97CFD688-BBEA-47F5-90FC-718DCD1CFD71}.ECS|x86.ActiveCfg = Release|Any CPU
		{97CFD688-BBEA-47F5-90FC-718DCD1CFD71}.JBCOMPUTER|Any CPU.ActiveCfg = Release|Any CPU
		{97CFD688-BBEA-47F5-90FC-718DCD1CFD71}.JBCOMPUTER|Any CPU.Build.0 = Release|Any CPU
		{97CFD688-BBEA-47F5-90FC-718DCD1CFD71}.JBCOMPUTER|Mixed Platforms.ActiveCfg = Release|Any CPU
		{97CFD688-BBEA-47F5-90FC-718DCD1CFD71}.JBCOMPUTER|Mixed Platforms.Build.0 = Release|Any CPU
		{97CFD688-BBEA-47F5-90FC-718DCD1CFD71}.JBCOMPUTER|x64.ActiveCfg = Release|Any CPU
		{97CFD688-BBEA-47F5-90FC-718DCD1CFD71}.JBCOMPUTER|x86.ActiveCfg = Release|Any CPU
		{97CFD688-BBEA-47F5-90FC-718DCD1CFD71}.Release|Any CPU.ActiveCfg = Release|Any CPU
		{97CFD688-BBEA-47F5-90FC-718DCD1CFD71}.Release|Any CPU.Build.0 = Release|Any CPU
		{97CFD688-BBEA-47F5-90FC-718DCD1CFD71}.Release|Mixed Platforms.ActiveCfg = Release|Any CPU
		{97CFD688-BBEA-47F5-90FC-718DCD1CFD71}.Release|Mixed Platforms.Build.0 = Release|Any CPU
		{97CFD688-BBEA-47F5-90FC-718DCD1CFD71}.Release|x64.ActiveCfg = Release|Any CPU
		{97CFD688-BBEA-47F5-90FC-718DCD1CFD71}.Release|x86.ActiveCfg = Release|Any CPU
	EndGlobalSection
	GlobalSection(SolutionProperties) = preSolution
		HideSolutionNode = FALSE
	EndGlobalSection
EndGlobal
